
Microsoft Visual Studio Solution File, Format Version 12.00
# Visual Studio Version 17
VisualStudioVersion = 17.3.32929.385
MinimumVisualStudioVersion = 10.0.40219.1
Project("{FAE04EC0-301F-11D3-BF4B-00C04F79EFBC}") = "UI", "SalimJuanTPfinal\UI.csproj", "{28528471-9994-4233-AB4B-81699865808D}"
EndProject
Project("{FAE04EC0-301F-11D3-BF4B-00C04F79EFBC}") = "DAL", "DAL\DAL.csproj", "{FACFCBC1-74BD-4861-B914-8E79BB1D6DD9}"
EndProject
Project("{FAE04EC0-301F-11D3-BF4B-00C04F79EFBC}") = "BE", "BE\BE.csproj", "{328CEE81-D658-49E6-A8CD-C4ADACBB1744}"
EndProject
Project("{FAE04EC0-301F-11D3-BF4B-00C04F79EFBC}") = "BLL", "BLL\BLL.csproj", "{4DC78CEC-CDA0-4334-B85B-772854BAF30B}"
EndProject
Project("{FAE04EC0-301F-11D3-BF4B-00C04F79EFBC}") = "MPP", "MPP\MPP.csproj", "{75CDDF54-996D-4FE9-B3A9-1B7B19993128}"
EndProject
Project("{FAE04EC0-301F-11D3-BF4B-00C04F79EFBC}") = "Funciones", "Funciones\Funciones.csproj", "{517FA429-C318-4032-8904-2383B82B245D}"
EndProject
Project("{FAE04EC0-301F-11D3-BF4B-00C04F79EFBC}") = "Seguridad", "Seguridad\Seguridad.csproj", "{09BF839E-EE10-4E67-8C3C-520CBA548D20}"
EndProject
Global
	GlobalSection(SolutionConfigurationPlatforms) = preSolution
		Debug|Any CPU = Debug|Any CPU
		Release|Any CPU = Release|Any CPU
	EndGlobalSection
	GlobalSection(ProjectConfigurationPlatforms) = postSolution
		{28528471-9994-4233-AB4B-81699865808D}.Debug|Any CPU.ActiveCfg = Debug|Any CPU
		{28528471-9994-4233-AB4B-81699865808D}.Debug|Any CPU.Build.0 = Debug|Any CPU
		{28528471-9994-4233-AB4B-81699865808D}.Release|Any CPU.ActiveCfg = Release|Any CPU
		{28528471-9994-4233-AB4B-81699865808D}.Release|Any CPU.Build.0 = Release|Any CPU
		{FACFCBC1-74BD-4861-B914-8E79BB1D6DD9}.Debug|Any CPU.ActiveCfg = Debug|Any CPU
		{FACFCBC1-74BD-4861-B914-8E79BB1D6DD9}.Debug|Any CPU.Build.0 = Debug|Any CPU
		{FACFCBC1-74BD-4861-B914-8E79BB1D6DD9}.Release|Any CPU.ActiveCfg = Release|Any CPU
		{FACFCBC1-74BD-4861-B914-8E79BB1D6DD9}.Release|Any CPU.Build.0 = Release|Any CPU
		{328CEE81-D658-49E6-A8CD-C4ADACBB1744}.Debug|Any CPU.ActiveCfg = Debug|Any CPU
		{328CEE81-D658-49E6-A8CD-C4ADACBB1744}.Debug|Any CPU.Build.0 = Debug|Any CPU
		{328CEE81-D658-49E6-A8CD-C4ADACBB1744}.Release|Any CPU.ActiveCfg = Release|Any CPU
		{328CEE81-D658-49E6-A8CD-C4ADACBB1744}.Release|Any CPU.Build.0 = Release|Any CPU
		{4DC78CEC-CDA0-4334-B85B-772854BAF30B}.Debug|Any CPU.ActiveCfg = Debug|Any CPU
		{4DC78CEC-CDA0-4334-B85B-772854BAF30B}.Debug|Any CPU.Build.0 = Debug|Any CPU
		{4DC78CEC-CDA0-4334-B85B-772854BAF30B}.Release|Any CPU.ActiveCfg = Release|Any CPU
		{4DC78CEC-CDA0-4334-B85B-772854BAF30B}.Release|Any CPU.Build.0 = Release|Any CPU
		{75CDDF54-996D-4FE9-B3A9-1B7B19993128}.Debug|Any CPU.ActiveCfg = Debug|Any CPU
		{75CDDF54-996D-4FE9-B3A9-1B7B19993128}.Debug|Any CPU.Build.0 = Debug|Any CPU
		{75CDDF54-996D-4FE9-B3A9-1B7B19993128}.Release|Any CPU.ActiveCfg = Release|Any CPU
		{75CDDF54-996D-4FE9-B3A9-1B7B19993128}.Release|Any CPU.Build.0 = Release|Any CPU
		{517FA429-C318-4032-8904-2383B82B245D}.Debug|Any CPU.ActiveCfg = Debug|Any CPU
		{517FA429-C318-4032-8904-2383B82B245D}.Debug|Any CPU.Build.0 = Debug|Any CPU
		{517FA429-C318-4032-8904-2383B82B245D}.Release|Any CPU.ActiveCfg = Release|Any CPU
		{517FA429-C318-4032-8904-2383B82B245D}.Release|Any CPU.Build.0 = Release|Any CPU
		{09BF839E-EE10-4E67-8C3C-520CBA548D20}.Debug|Any CPU.ActiveCfg = Debug|Any CPU
		{09BF839E-EE10-4E67-8C3C-520CBA548D20}.Debug|Any CPU.Build.0 = Debug|Any CPU
		{09BF839E-EE10-4E67-8C3C-520CBA548D20}.Release|Any CPU.ActiveCfg = Release|Any CPU
		{09BF839E-EE10-4E67-8C3C-520CBA548D20}.Release|Any CPU.Build.0 = Release|Any CPU
	EndGlobalSection
	GlobalSection(SolutionProperties) = preSolution
		HideSolutionNode = FALSE
	EndGlobalSection
	GlobalSection(ExtensibilityGlobals) = postSolution
		SolutionGuid = {4EC40D6E-BEE3-45A2-9E4D-CC0280C34960}
	EndGlobalSection
EndGlobal
